
Microsoft Visual Studio Solution File, Format Version 12.00
# Visual Studio 15
VisualStudioVersion = 15.0.28010.2003
MinimumVisualStudioVersion = 10.0.40219.1
Project("{9A19103F-16F7-4668-BE54-9A1E7A4F7556}") = "PetShopCompulsory", "PetShopCompulsory\PetShopCompulsory.csproj", "{D6517BDB-5CA0-4E76-AC89-9743BBC4AE92}"
EndProject
Project("{2150E333-8FDC-42A3-9474-1A3956D46DE8}") = "Core", "Core", "{91226BBE-6DB7-46E5-9713-06C1E78F4D39}"
EndProject
Project("{2150E333-8FDC-42A3-9474-1A3956D46DE8}") = "UI", "UI", "{B4BB522A-0142-4374-9937-5CAC7684DFD0}"
EndProject
Project("{2150E333-8FDC-42A3-9474-1A3956D46DE8}") = "Infrastructure", "Infrastructure", "{D1FC89F0-E2F1-4ECF-AA88-22264476EB66}"
EndProject
Project("{9A19103F-16F7-4668-BE54-9A1E7A4F7556}") = "PetShopCompulsory.Core", "PetShopCompulsory.Core\PetShopCompulsory.Core.csproj", "{F1C24F9C-C05B-44C4-8534-BFE6903983C3}"
EndProject
Project("{9A19103F-16F7-4668-BE54-9A1E7A4F7556}") = "PetShopCompulsory.Core.Entity", "PetShopCompulsory.Core.Entity\PetShopCompulsory.Core.Entity.csproj", "{4CD8DD32-7B22-4FCE-A6F3-D065B6732896}"
EndProject
Project("{9A19103F-16F7-4668-BE54-9A1E7A4F7556}") = "PetShopCompulsory.Infrastructure.Static.Data", "PetShopCompulsory.Infrastructure.Static.Data\PetShopCompulsory.Infrastructure.Static.Data.csproj", "{5336E96B-0E7B-4EBB-8FC5-DE43054DAF61}"
EndProject
Project("{FAE04EC0-301F-11D3-BF4B-00C04F79EFBC}") = "CompanynamePetShopCompulsoryrestapi", "CompanynamePetShopCompulsoryrestapi\CompanynamePetShopCompulsoryrestapi.csproj", "{20F49D71-4B4B-4461-9581-152CEC8DC8DF}"
EndProject
Global
	GlobalSection(SolutionConfigurationPlatforms) = preSolution
		Debug|Any CPU = Debug|Any CPU
		Release|Any CPU = Release|Any CPU
	EndGlobalSection
	GlobalSection(ProjectConfigurationPlatforms) = postSolution
		{D6517BDB-5CA0-4E76-AC89-9743BBC4AE92}.Debug|Any CPU.ActiveCfg = Debug|Any CPU
		{D6517BDB-5CA0-4E76-AC89-9743BBC4AE92}.Debug|Any CPU.Build.0 = Debug|Any CPU
		{D6517BDB-5CA0-4E76-AC89-9743BBC4AE92}.Release|Any CPU.ActiveCfg = Release|Any CPU
		{D6517BDB-5CA0-4E76-AC89-9743BBC4AE92}.Release|Any CPU.Build.0 = Release|Any CPU
		{F1C24F9C-C05B-44C4-8534-BFE6903983C3}.Debug|Any CPU.ActiveCfg = Debug|Any CPU
		{F1C24F9C-C05B-44C4-8534-BFE6903983C3}.Debug|Any CPU.Build.0 = Debug|Any CPU
		{F1C24F9C-C05B-44C4-8534-BFE6903983C3}.Release|Any CPU.ActiveCfg = Release|Any CPU
		{F1C24F9C-C05B-44C4-8534-BFE6903983C3}.Release|Any CPU.Build.0 = Release|Any CPU
		{4CD8DD32-7B22-4FCE-A6F3-D065B6732896}.Debug|Any CPU.ActiveCfg = Debug|Any CPU
		{4CD8DD32-7B22-4FCE-A6F3-D065B6732896}.Debug|Any CPU.Build.0 = Debug|Any CPU
		{4CD8DD32-7B22-4FCE-A6F3-D065B6732896}.Release|Any CPU.ActiveCfg = Release|Any CPU
		{4CD8DD32-7B22-4FCE-A6F3-D065B6732896}.Release|Any CPU.Build.0 = Release|Any CPU
		{5336E96B-0E7B-4EBB-8FC5-DE43054DAF61}.Debug|Any CPU.ActiveCfg = Debug|Any CPU
		{5336E96B-0E7B-4EBB-8FC5-DE43054DAF61}.Debug|Any CPU.Build.0 = Debug|Any CPU
		{5336E96B-0E7B-4EBB-8FC5-DE43054DAF61}.Release|Any CPU.ActiveCfg = Release|Any CPU
		{5336E96B-0E7B-4EBB-8FC5-DE43054DAF61}.Release|Any CPU.Build.0 = Release|Any CPU
		{20F49D71-4B4B-4461-9581-152CEC8DC8DF}.Debug|Any CPU.ActiveCfg = Debug|Any CPU
		{20F49D71-4B4B-4461-9581-152CEC8DC8DF}.Debug|Any CPU.Build.0 = Debug|Any CPU
		{20F49D71-4B4B-4461-9581-152CEC8DC8DF}.Release|Any CPU.ActiveCfg = Release|Any CPU
		{20F49D71-4B4B-4461-9581-152CEC8DC8DF}.Release|Any CPU.Build.0 = Release|Any CPU
	EndGlobalSection
	GlobalSection(SolutionProperties) = preSolution
		HideSolutionNode = FALSE
	EndGlobalSection
	GlobalSection(NestedProjects) = preSolution
		{D6517BDB-5CA0-4E76-AC89-9743BBC4AE92} = {B4BB522A-0142-4374-9937-5CAC7684DFD0}
		{F1C24F9C-C05B-44C4-8534-BFE6903983C3} = {91226BBE-6DB7-46E5-9713-06C1E78F4D39}
		{4CD8DD32-7B22-4FCE-A6F3-D065B6732896} = {91226BBE-6DB7-46E5-9713-06C1E78F4D39}
		{5336E96B-0E7B-4EBB-8FC5-DE43054DAF61} = {D1FC89F0-E2F1-4ECF-AA88-22264476EB66}
		{20F49D71-4B4B-4461-9581-152CEC8DC8DF} = {B4BB522A-0142-4374-9937-5CAC7684DFD0}
	EndGlobalSection
	GlobalSection(ExtensibilityGlobals) = postSolution
		SolutionGuid = {4AABAF67-55DC-4683-A1BE-662A6AA4706B}
	EndGlobalSection
EndGlobal
