
Microsoft Visual Studio Solution File, Format Version 12.00
# Visual Studio 15
VisualStudioVersion = 15.0.28010.2003
MinimumVisualStudioVersion = 10.0.40219.1
Project("{2150E333-8FDC-42A3-9474-1A3956D46DE8}") = "Core", "Core", "{91226BBE-6DB7-46E5-9713-06C1E78F4D39}"
EndProject
Project("{2150E333-8FDC-42A3-9474-1A3956D46DE8}") = "UI", "UI", "{B4BB522A-0142-4374-9937-5CAC7684DFD0}"
EndProject
Project("{2150E333-8FDC-42A3-9474-1A3956D46DE8}") = "Infrastructure", "Infrastructure", "{D1FC89F0-E2F1-4ECF-AA88-22264476EB66}"
EndProject
Project("{9A19103F-16F7-4668-BE54-9A1E7A4F7556}") = "PetShopCompulsory.Core", "PetShopCompulsory.Core\PetShopCompulsory.Core.csproj", "{F1C24F9C-C05B-44C4-8534-BFE6903983C3}"
EndProject
Project("{9A19103F-16F7-4668-BE54-9A1E7A4F7556}") = "PetShopCompulsory.Core.Entity", "PetShopCompulsory.Core.Entity\PetShopCompulsory.Core.Entity.csproj", "{4CD8DD32-7B22-4FCE-A6F3-D065B6732896}"
EndProject
Project("{9A19103F-16F7-4668-BE54-9A1E7A4F7556}") = "CompanynamePetShopCompulsoryrestapi", "CompanynamePetShopCompulsoryrestapi\CompanynamePetShopCompulsoryrestapi.csproj", "{84053C94-B508-40F3-B6BD-8D919459D55E}"
EndProject
Project("{FAE04EC0-301F-11D3-BF4B-00C04F79EFBC}") = "PetShopCompulsory.Infrastructure.Data", "ClassLibrary1\PetShopCompulsory.Infrastructure.Data.csproj", "{A8AB3F31-2D0C-4658-9135-CC25A4C04099}"
EndProject
Global
	GlobalSection(SolutionConfigurationPlatforms) = preSolution
		Debug|Any CPU = Debug|Any CPU
		Release|Any CPU = Release|Any CPU
	EndGlobalSection
	GlobalSection(ProjectConfigurationPlatforms) = postSolution
		{F1C24F9C-C05B-44C4-8534-BFE6903983C3}.Debug|Any CPU.ActiveCfg = Debug|Any CPU
		{F1C24F9C-C05B-44C4-8534-BFE6903983C3}.Debug|Any CPU.Build.0 = Debug|Any CPU
		{F1C24F9C-C05B-44C4-8534-BFE6903983C3}.Release|Any CPU.ActiveCfg = Release|Any CPU
		{F1C24F9C-C05B-44C4-8534-BFE6903983C3}.Release|Any CPU.Build.0 = Release|Any CPU
		{4CD8DD32-7B22-4FCE-A6F3-D065B6732896}.Debug|Any CPU.ActiveCfg = Debug|Any CPU
		{4CD8DD32-7B22-4FCE-A6F3-D065B6732896}.Debug|Any CPU.Build.0 = Debug|Any CPU
		{4CD8DD32-7B22-4FCE-A6F3-D065B6732896}.Release|Any CPU.ActiveCfg = Release|Any CPU
		{4CD8DD32-7B22-4FCE-A6F3-D065B6732896}.Release|Any CPU.Build.0 = Release|Any CPU
		{84053C94-B508-40F3-B6BD-8D919459D55E}.Debug|Any CPU.ActiveCfg = Debug|Any CPU
		{84053C94-B508-40F3-B6BD-8D919459D55E}.Debug|Any CPU.Build.0 = Debug|Any CPU
		{84053C94-B508-40F3-B6BD-8D919459D55E}.Release|Any CPU.ActiveCfg = Release|Any CPU
		{84053C94-B508-40F3-B6BD-8D919459D55E}.Release|Any CPU.Build.0 = Release|Any CPU
		{A8AB3F31-2D0C-4658-9135-CC25A4C04099}.Debug|Any CPU.ActiveCfg = Debug|Any CPU
		{A8AB3F31-2D0C-4658-9135-CC25A4C04099}.Debug|Any CPU.Build.0 = Debug|Any CPU
		{A8AB3F31-2D0C-4658-9135-CC25A4C04099}.Release|Any CPU.ActiveCfg = Release|Any CPU
		{A8AB3F31-2D0C-4658-9135-CC25A4C04099}.Release|Any CPU.Build.0 = Release|Any CPU
	EndGlobalSection
	GlobalSection(SolutionProperties) = preSolution
		HideSolutionNode = FALSE
	EndGlobalSection
	GlobalSection(NestedProjects) = preSolution
		{F1C24F9C-C05B-44C4-8534-BFE6903983C3} = {91226BBE-6DB7-46E5-9713-06C1E78F4D39}
		{4CD8DD32-7B22-4FCE-A6F3-D065B6732896} = {91226BBE-6DB7-46E5-9713-06C1E78F4D39}
		{84053C94-B508-40F3-B6BD-8D919459D55E} = {B4BB522A-0142-4374-9937-5CAC7684DFD0}
		{A8AB3F31-2D0C-4658-9135-CC25A4C04099} = {D1FC89F0-E2F1-4ECF-AA88-22264476EB66}
	EndGlobalSection
	GlobalSection(ExtensibilityGlobals) = postSolution
		SolutionGuid = {4AABAF67-55DC-4683-A1BE-662A6AA4706B}
	EndGlobalSection
EndGlobal
